<?xml version="1.0" encoding="utf-8"?>
<Project ToolsVersion="4.0" xmlns="http://schemas.microsoft.com/developer/msbuild/2003">
  <ItemGroup>
    <Filter Include="Source Files">
      <UniqueIdentifier>{4FC737F1-C7A5-4376-A066-2A32D752A2FF}</UniqueIdentifier>
      <Extensions>cpp;c;cc;cxx;c++;cppm;ixx;def;odl;idl;hpj;bat;asm;asmx</Extensions>
    </Filter>
    <Filter Include="Header Files">
      <UniqueIdentifier>{93995380-89BD-4b04-88EB-625FBE52EBFB}</UniqueIdentifier>
      <Extensions>h;hh;hpp;hxx;h++;hm;inl;inc;ipp;xsd</Extensions>
    </Filter>
    <Filter Include="Resource Files">
      <UniqueIdentifier>{67DA6AB6-F800-4c08-8B7A-83BB121AAD01}</UniqueIdentifier>
      <Extensions>rc;ico;cur;bmp;dlg;rc2;rct;bin;rgs;gif;jpg;jpeg;jpe;resx;tiff;tif;png;wav;mfcribbon-ms</Extensions>
    </Filter>
    <Filter Include="Source Files\imgui">
      <UniqueIdentifier>{6bdab068-7832-4ed4-ace7-22fc578f57cb}</UniqueIdentifier>
    </Filter>
    <Filter Include="Header Files\imgui">
      <UniqueIdentifier>{0ca380e2-37e3-400c-af15-dcfa52a11bbc}</UniqueIdentifier>
    </Filter>
    <Filter Include="Header Files\nlohmann">
      <UniqueIdentifier>{2c446612-42f5-45e7-9d3f-b164a888e8db}</UniqueIdentifier>
    </Filter>
    <Filter Include="Header Files\nexus">
      <UniqueIdentifier>{97453669-b026-4b6c-b179-0d0dc3a2e9d5}</UniqueIdentifier>
    </Filter>
    <Filter Include="Header Files\nexus\nexus-core">
      <UniqueIdentifier>{d57ddc21-428d-4cf5-acfc-efe7308db702}</UniqueIdentifier>
    </Filter>
    <Filter Include="Header Files\core">
      <UniqueIdentifier>{098e6b0c-f26f-45af-91bc-f2a1befe5738}</UniqueIdentifier>
    </Filter>
    <Filter Include="Header Files\core\services">
      <UniqueIdentifier>{00c904c5-7a4c-47c3-b28a-e14b2ae003fc}</UniqueIdentifier>
    </Filter>
    <Filter Include="Header Files\core\ui">
      <UniqueIdentifier>{e0a13f2d-6dcc-483f-9088-8c0230562ecb}</UniqueIdentifier>
    </Filter>
    <Filter Include="Source Files\core">
      <UniqueIdentifier>{70c448de-aa0a-473f-b524-24ba33ef9e57}</UniqueIdentifier>
    </Filter>
    <Filter Include="Source Files\core\services">
      <UniqueIdentifier>{d6b0d457-10b8-46b4-aabf-1b5b657047f3}</UniqueIdentifier>
    </Filter>
    <Filter Include="Source Files\core\ui">
      <UniqueIdentifier>{adedbdd6-306f-4c03-8756-62a35a130ea3}</UniqueIdentifier>
    </Filter>
  </ItemGroup>
  <ItemGroup>
    <ClInclude Include="resource.h">
      <Filter>Header Files</Filter>
    </ClInclude>
    <ClInclude Include="Settings.h">
      <Filter>Header Files</Filter>
    </ClInclude>
    <ClInclude Include="Version.h">
      <Filter>Header Files</Filter>
    </ClInclude>
    <ClInclude Include="imgui\imgui.h">
      <Filter>Header Files\imgui</Filter>
    </ClInclude>
    <ClInclude Include="imgui\imgui_extensions.h">
      <Filter>Header Files\imgui</Filter>
    </ClInclude>
    <ClInclude Include="imgui\imgui_internal.h">
      <Filter>Header Files\imgui</Filter>
    </ClInclude>
    <ClInclude Include="imgui\imconfig.h">
      <Filter>Header Files\imgui</Filter>
    </ClInclude>
    <ClInclude Include="imgui\imstb_truetype.h">
      <Filter>Header Files\imgui</Filter>
    </ClInclude>
    <ClInclude Include="imgui\imstb_textedit.h">
      <Filter>Header Files\imgui</Filter>
    </ClInclude>
    <ClInclude Include="imgui\imstb_rectpack.h">
      <Filter>Header Files\imgui</Filter>
    </ClInclude>
    <ClInclude Include="nlohmann\json.hpp">
      <Filter>Header Files\nlohmann</Filter>
    </ClInclude>
    <ClInclude Include="..\submodules\nexus-core\Nexus.h">
      <Filter>Header Files\nexus\nexus-core</Filter>
    </ClInclude>
    <ClInclude Include="core\WindowUtil.h">
      <Filter>Header Files\core</Filter>
    </ClInclude>
    <ClInclude Include="core\Addon.h">
      <Filter>Header Files\core</Filter>
    </ClInclude>
    <ClInclude Include="core\services\NexusService.h">
      <Filter>Header Files\core\services</Filter>
    </ClInclude>
  </ItemGroup>
  <ItemGroup>
    <ClCompile Include="dllmain.cpp">
      <Filter>Source Files</Filter>
    </ClCompile>
    <ClCompile Include="Settings.cpp">
      <Filter>Source Files</Filter>
    </ClCompile>
    <ClCompile Include="imgui\imgui.cpp">
      <Filter>Source Files\imgui</Filter>
    </ClCompile>
    <ClCompile Include="imgui\imgui_demo.cpp">
      <Filter>Source Files\imgui</Filter>
    </ClCompile>
    <ClCompile Include="imgui\imgui_draw.cpp">
      <Filter>Source Files\imgui</Filter>
    </ClCompile>
    <ClCompile Include="imgui\imgui_tables.cpp">
      <Filter>Source Files\imgui</Filter>
    </ClCompile>
    <ClCompile Include="imgui\imgui_widgets.cpp">
      <Filter>Source Files\imgui</Filter>
    </ClCompile>
    <ClCompile Include="core\WindowUtil.cpp">
      <Filter>Source Files\core</Filter>
    </ClCompile>
    <ClCompile Include="core\Addon.cpp">
      <Filter>Source Files\core</Filter>
    </ClCompile>
    <ClCompile Include="core\services\NexusService.cpp">
      <Filter>Source Files\core\services</Filter>
    </ClCompile>
  </ItemGroup>
</Project>